// !$*UTF8*$!
{
	archiveVersion = 1;
	classes = {
	};
	objectVersion = 50;
	objects = {

/* Begin PBXBuildFile section */
		5A008FB028435BCD00DB1BEA /* ShowcaseVC.swift in Sources */ = {isa = PBXBuildFile; fileRef = 5A008FAF28435BCD00DB1BEA /* ShowcaseVC.swift */; };
		5A008FBC28435C3800DB1BEA /* Configurable.swift in Sources */ = {isa = PBXBuildFile; fileRef = 5A008FB228435C3800DB1BEA /* Configurable.swift */; };
		5A008FBD28435C3800DB1BEA /* LivePreview.swift in Sources */ = {isa = PBXBuildFile; fileRef = 5A008FB328435C3800DB1BEA /* LivePreview.swift */; };
		5A008FBE28435C3800DB1BEA /* UICollectionView+Ext.swift in Sources */ = {isa = PBXBuildFile; fileRef = 5A008FB528435C3800DB1BEA /* UICollectionView+Ext.swift */; };
		5A008FBF28435C3800DB1BEA /* DateFormatter+Ext.swift in Sources */ = {isa = PBXBuildFile; fileRef = 5A008FB628435C3800DB1BEA /* DateFormatter+Ext.swift */; };
		5A008FC028435C3800DB1BEA /* UIImage+Ext.swift in Sources */ = {isa = PBXBuildFile; fileRef = 5A008FB728435C3800DB1BEA /* UIImage+Ext.swift */; };
		5A008FC128435C3800DB1BEA /* UITableView+Ext.swift in Sources */ = {isa = PBXBuildFile; fileRef = 5A008FB828435C3800DB1BEA /* UITableView+Ext.swift */; };
		5A008FC228435C3800DB1BEA /* UIButton+Ext.swift in Sources */ = {isa = PBXBuildFile; fileRef = 5A008FB928435C3800DB1BEA /* UIButton+Ext.swift */; };
		5A008FC328435C3800DB1BEA /* UIColor+Ext.swift in Sources */ = {isa = PBXBuildFile; fileRef = 5A008FBA28435C3800DB1BEA /* UIColor+Ext.swift */; };
		5A008FC428435C3800DB1BEA /* UIView+Ext.swift in Sources */ = {isa = PBXBuildFile; fileRef = 5A008FBB28435C3800DB1BEA /* UIView+Ext.swift */; };
		5A008FC628435D2B00DB1BEA /* ViewController.swift in Sources */ = {isa = PBXBuildFile; fileRef = 5A008FC528435D2B00DB1BEA /* ViewController.swift */; };
		5A008FC828435D6700DB1BEA /* NavigationController.swift in Sources */ = {isa = PBXBuildFile; fileRef = 5A008FC728435D6700DB1BEA /* NavigationController.swift */; };
		5A008FCB28435DC000DB1BEA /* ShowcaseFeature.swift in Sources */ = {isa = PBXBuildFile; fileRef = 5A008FCA28435DC000DB1BEA /* ShowcaseFeature.swift */; };
		5A34334B26D7A6A800241412 /* AppDelegate.swift in Sources */ = {isa = PBXBuildFile; fileRef = 5A34334A26D7A6A800241412 /* AppDelegate.swift */; };
		5A34334D26D7A6A800241412 /* SceneDelegate.swift in Sources */ = {isa = PBXBuildFile; fileRef = 5A34334C26D7A6A800241412 /* SceneDelegate.swift */; };
		5A34335126D7A6A900241412 /* Assets.xcassets in Resources */ = {isa = PBXBuildFile; fileRef = 5A34335026D7A6A900241412 /* Assets.xcassets */; };
		5A34335426D7A6A900241412 /* Preview Assets.xcassets in Resources */ = {isa = PBXBuildFile; fileRef = 5A34335326D7A6A900241412 /* Preview Assets.xcassets */; };
		5A34335726D7A6A900241412 /* LaunchScreen.storyboard in Resources */ = {isa = PBXBuildFile; fileRef = 5A34335526D7A6A900241412 /* LaunchScreen.storyboard */; };
		5A34336726D7A90400241412 /* ProfileEditViewController.swift in Sources */ = {isa = PBXBuildFile; fileRef = 5A34336626D7A90400241412 /* ProfileEditViewController.swift */; };
		5AB2BDF02842445B003FF4E9 /* TestView.swift in Sources */ = {isa = PBXBuildFile; fileRef = 5AB2BDEF2842445B003FF4E9 /* TestView.swift */; };
		5AB2BDF228424464003FF4E9 /* TestVC.swift in Sources */ = {isa = PBXBuildFile; fileRef = 5AB2BDF128424464003FF4E9 /* TestVC.swift */; };
		5AFA71EB27539C47008DF019 /* SmartListPrototype.swift in Sources */ = {isa = PBXBuildFile; fileRef = 5AFA71EA27539C47008DF019 /* SmartListPrototype.swift */; };
/* End PBXBuildFile section */

/* Begin PBXFileReference section */
		5A008FAF28435BCD00DB1BEA /* ShowcaseVC.swift */ = {isa = PBXFileReference; lastKnownFileType = sourcecode.swift; path = ShowcaseVC.swift; sourceTree = "<group>"; };
		5A008FB228435C3800DB1BEA /* Configurable.swift */ = {isa = PBXFileReference; fileEncoding = 4; lastKnownFileType = sourcecode.swift; path = Configurable.swift; sourceTree = "<group>"; };
		5A008FB328435C3800DB1BEA /* LivePreview.swift */ = {isa = PBXFileReference; fileEncoding = 4; lastKnownFileType = sourcecode.swift; path = LivePreview.swift; sourceTree = "<group>"; };
		5A008FB528435C3800DB1BEA /* UICollectionView+Ext.swift */ = {isa = PBXFileReference; fileEncoding = 4; lastKnownFileType = sourcecode.swift; path = "UICollectionView+Ext.swift"; sourceTree = "<group>"; };
		5A008FB628435C3800DB1BEA /* DateFormatter+Ext.swift */ = {isa = PBXFileReference; fileEncoding = 4; lastKnownFileType = sourcecode.swift; path = "DateFormatter+Ext.swift"; sourceTree = "<group>"; };
		5A008FB728435C3800DB1BEA /* UIImage+Ext.swift */ = {isa = PBXFileReference; fileEncoding = 4; lastKnownFileType = sourcecode.swift; path = "UIImage+Ext.swift"; sourceTree = "<group>"; };
		5A008FB828435C3800DB1BEA /* UITableView+Ext.swift */ = {isa = PBXFileReference; fileEncoding = 4; lastKnownFileType = sourcecode.swift; path = "UITableView+Ext.swift"; sourceTree = "<group>"; };
		5A008FB928435C3800DB1BEA /* UIButton+Ext.swift */ = {isa = PBXFileReference; fileEncoding = 4; lastKnownFileType = sourcecode.swift; path = "UIButton+Ext.swift"; sourceTree = "<group>"; };
		5A008FBA28435C3800DB1BEA /* UIColor+Ext.swift */ = {isa = PBXFileReference; fileEncoding = 4; lastKnownFileType = sourcecode.swift; path = "UIColor+Ext.swift"; sourceTree = "<group>"; };
		5A008FBB28435C3800DB1BEA /* UIView+Ext.swift */ = {isa = PBXFileReference; fileEncoding = 4; lastKnownFileType = sourcecode.swift; path = "UIView+Ext.swift"; sourceTree = "<group>"; };
		5A008FC528435D2B00DB1BEA /* ViewController.swift */ = {isa = PBXFileReference; lastKnownFileType = sourcecode.swift; path = ViewController.swift; sourceTree = "<group>"; };
		5A008FC728435D6700DB1BEA /* NavigationController.swift */ = {isa = PBXFileReference; fileEncoding = 4; lastKnownFileType = sourcecode.swift; path = NavigationController.swift; sourceTree = "<group>"; };
		5A008FCA28435DC000DB1BEA /* ShowcaseFeature.swift */ = {isa = PBXFileReference; lastKnownFileType = sourcecode.swift; path = ShowcaseFeature.swift; sourceTree = "<group>"; };
		5A34334726D7A6A800241412 /* ios-exoeriments.app */ = {isa = PBXFileReference; explicitFileType = wrapper.application; includeInIndex = 0; path = "ios-exoeriments.app"; sourceTree = BUILT_PRODUCTS_DIR; };
		5A34334A26D7A6A800241412 /* AppDelegate.swift */ = {isa = PBXFileReference; lastKnownFileType = sourcecode.swift; path = AppDelegate.swift; sourceTree = "<group>"; };
		5A34334C26D7A6A800241412 /* SceneDelegate.swift */ = {isa = PBXFileReference; lastKnownFileType = sourcecode.swift; path = SceneDelegate.swift; sourceTree = "<group>"; };
		5A34335026D7A6A900241412 /* Assets.xcassets */ = {isa = PBXFileReference; lastKnownFileType = folder.assetcatalog; path = Assets.xcassets; sourceTree = "<group>"; };
		5A34335326D7A6A900241412 /* Preview Assets.xcassets */ = {isa = PBXFileReference; lastKnownFileType = folder.assetcatalog; path = "Preview Assets.xcassets"; sourceTree = "<group>"; };
		5A34335626D7A6A900241412 /* Base */ = {isa = PBXFileReference; lastKnownFileType = file.storyboard; name = Base; path = Base.lproj/LaunchScreen.storyboard; sourceTree = "<group>"; };
		5A34335826D7A6A900241412 /* Info.plist */ = {isa = PBXFileReference; lastKnownFileType = text.plist.xml; path = Info.plist; sourceTree = "<group>"; };
		5A34336626D7A90400241412 /* ProfileEditViewController.swift */ = {isa = PBXFileReference; lastKnownFileType = sourcecode.swift; path = ProfileEditViewController.swift; sourceTree = "<group>"; };
		5AB2BDEF2842445B003FF4E9 /* TestView.swift */ = {isa = PBXFileReference; lastKnownFileType = sourcecode.swift; path = TestView.swift; sourceTree = "<group>"; };
		5AB2BDF128424464003FF4E9 /* TestVC.swift */ = {isa = PBXFileReference; lastKnownFileType = sourcecode.swift; path = TestVC.swift; sourceTree = "<group>"; };
		5AFA71EA27539C47008DF019 /* SmartListPrototype.swift */ = {isa = PBXFileReference; lastKnownFileType = sourcecode.swift; path = SmartListPrototype.swift; sourceTree = "<group>"; };
/* End PBXFileReference section */

/* Begin PBXFrameworksBuildPhase section */
		5A34334426D7A6A800241412 /* Frameworks */ = {
			isa = PBXFrameworksBuildPhase;
			buildActionMask = 2147483647;
			files = (
			);
			runOnlyForDeploymentPostprocessing = 0;
		};
/* End PBXFrameworksBuildPhase section */

/* Begin PBXGroup section */
		5A008FB128435C3800DB1BEA /* Utilities */ = {
			isa = PBXGroup;
			children = (
				5A008FB228435C3800DB1BEA /* Configurable.swift */,
				5A008FB328435C3800DB1BEA /* LivePreview.swift */,
				5A008FC528435D2B00DB1BEA /* ViewController.swift */,
				5A008FC728435D6700DB1BEA /* NavigationController.swift */,
			);
			path = Utilities;
			sourceTree = "<group>";
		};
		5A008FB428435C3800DB1BEA /* Extensions */ = {
			isa = PBXGroup;
			children = (
				5A008FB528435C3800DB1BEA /* UICollectionView+Ext.swift */,
				5A008FB628435C3800DB1BEA /* DateFormatter+Ext.swift */,
				5A008FB728435C3800DB1BEA /* UIImage+Ext.swift */,
				5A008FB828435C3800DB1BEA /* UITableView+Ext.swift */,
				5A008FB928435C3800DB1BEA /* UIButton+Ext.swift */,
				5A008FBA28435C3800DB1BEA /* UIColor+Ext.swift */,
				5A008FBB28435C3800DB1BEA /* UIView+Ext.swift */,
			);
			path = Extensions;
			sourceTree = "<group>";
		};
		5A008FC928435DA100DB1BEA /* Models */ = {
			isa = PBXGroup;
			children = (
				5A008FCA28435DC000DB1BEA /* ShowcaseFeature.swift */,
			);
			path = Models;
			sourceTree = "<group>";
		};
		5A0A231726D7AE9D001C50AB /* UIColorPickers */ = {
			isa = PBXGroup;
			children = (
				5A34336526D7A8E200241412 /* View Controllers */,
			);
			path = UIColorPickers;
			sourceTree = "<group>";
		};
		5A34333E26D7A6A800241412 = {
			isa = PBXGroup;
			children = (
				5A34334926D7A6A800241412 /* ios-exoeriments */,
				5A34334826D7A6A800241412 /* Products */,
			);
			sourceTree = "<group>";
		};
		5A34334826D7A6A800241412 /* Products */ = {
			isa = PBXGroup;
			children = (
				5A34334726D7A6A800241412 /* ios-exoeriments.app */,
			);
			name = Products;
			sourceTree = "<group>";
		};
		5A34334926D7A6A800241412 /* ios-exoeriments */ = {
			isa = PBXGroup;
			children = (
				5A34334A26D7A6A800241412 /* AppDelegate.swift */,
				5A34334C26D7A6A800241412 /* SceneDelegate.swift */,
				5A008FAF28435BCD00DB1BEA /* ShowcaseVC.swift */,
				5A008FC928435DA100DB1BEA /* Models */,
				5A0A231726D7AE9D001C50AB /* UIColorPickers */,
				5AFA71E927539C2E008DF019 /* SettingsList */,
				5AB2BDEE28424446003FF4E9 /* SwiftUI+UIKit */,
				5A008FB428435C3800DB1BEA /* Extensions */,
				5A008FB128435C3800DB1BEA /* Utilities */,
				5A34336826D7A98300241412 /* Supporting Files */,
				5A34335226D7A6A900241412 /* Preview Content */,
			);
			path = "ios-exoeriments";
			sourceTree = "<group>";
		};
		5A34335226D7A6A900241412 /* Preview Content */ = {
			isa = PBXGroup;
			children = (
				5A34335326D7A6A900241412 /* Preview Assets.xcassets */,
			);
			path = "Preview Content";
			sourceTree = "<group>";
		};
		5A34336526D7A8E200241412 /* View Controllers */ = {
			isa = PBXGroup;
			children = (
				5A34336626D7A90400241412 /* ProfileEditViewController.swift */,
			);
			path = "View Controllers";
			sourceTree = "<group>";
		};
		5A34336826D7A98300241412 /* Supporting Files */ = {
			isa = PBXGroup;
			children = (
				5A34335026D7A6A900241412 /* Assets.xcassets */,
				5A34335526D7A6A900241412 /* LaunchScreen.storyboard */,
				5A34335826D7A6A900241412 /* Info.plist */,
			);
			path = "Supporting Files";
			sourceTree = "<group>";
		};
		5AB2BDEE28424446003FF4E9 /* SwiftUI+UIKit */ = {
			isa = PBXGroup;
			children = (
				5AB2BDF128424464003FF4E9 /* TestVC.swift */,
				5AB2BDEF2842445B003FF4E9 /* TestView.swift */,
			);
			path = "SwiftUI+UIKit";
			sourceTree = "<group>";
		};
		5AFA71E927539C2E008DF019 /* SettingsList */ = {
			isa = PBXGroup;
			children = (
				5AFA71EA27539C47008DF019 /* SmartListPrototype.swift */,
			);
			path = SettingsList;
			sourceTree = "<group>";
		};
/* End PBXGroup section */

/* Begin PBXNativeTarget section */
		5A34334626D7A6A800241412 /* ios-exoeriments */ = {
			isa = PBXNativeTarget;
			buildConfigurationList = 5A34335B26D7A6A900241412 /* Build configuration list for PBXNativeTarget "ios-exoeriments" */;
			buildPhases = (
				5A34334326D7A6A800241412 /* Sources */,
				5A34334426D7A6A800241412 /* Frameworks */,
				5A34334526D7A6A800241412 /* Resources */,
			);
			buildRules = (
			);
			dependencies = (
			);
			name = "ios-exoeriments";
			productName = "ios-exoeriments";
			productReference = 5A34334726D7A6A800241412 /* ios-exoeriments.app */;
			productType = "com.apple.product-type.application";
		};
/* End PBXNativeTarget section */

/* Begin PBXProject section */
		5A34333F26D7A6A800241412 /* Project object */ = {
			isa = PBXProject;
			attributes = {
				LastSwiftUpdateCheck = 1250;
				LastUpgradeCheck = 1250;
				TargetAttributes = {
					5A34334626D7A6A800241412 = {
						CreatedOnToolsVersion = 12.5.1;
					};
				};
			};
			buildConfigurationList = 5A34334226D7A6A800241412 /* Build configuration list for PBXProject "ios-exoeriments" */;
			compatibilityVersion = "Xcode 9.3";
			developmentRegion = en;
			hasScannedForEncodings = 0;
			knownRegions = (
				en,
				Base,
			);
			mainGroup = 5A34333E26D7A6A800241412;
			productRefGroup = 5A34334826D7A6A800241412 /* Products */;
			projectDirPath = "";
			projectRoot = "";
			targets = (
				5A34334626D7A6A800241412 /* ios-exoeriments */,
			);
		};
/* End PBXProject section */

/* Begin PBXResourcesBuildPhase section */
		5A34334526D7A6A800241412 /* Resources */ = {
			isa = PBXResourcesBuildPhase;
			buildActionMask = 2147483647;
			files = (
				5A34335726D7A6A900241412 /* LaunchScreen.storyboard in Resources */,
				5A34335426D7A6A900241412 /* Preview Assets.xcassets in Resources */,
				5A34335126D7A6A900241412 /* Assets.xcassets in Resources */,
			);
			runOnlyForDeploymentPostprocessing = 0;
		};
/* End PBXResourcesBuildPhase section */

/* Begin PBXSourcesBuildPhase section */
		5A34334326D7A6A800241412 /* Sources */ = {
			isa = PBXSourcesBuildPhase;
			buildActionMask = 2147483647;
			files = (
				5A008FC428435C3800DB1BEA /* UIView+Ext.swift in Sources */,
				5A34334B26D7A6A800241412 /* AppDelegate.swift in Sources */,
				5A008FB028435BCD00DB1BEA /* ShowcaseVC.swift in Sources */,
				5A34336726D7A90400241412 /* ProfileEditViewController.swift in Sources */,
				5A008FBF28435C3800DB1BEA /* DateFormatter+Ext.swift in Sources */,
				5A34334D26D7A6A800241412 /* SceneDelegate.swift in Sources */,
				5A008FC128435C3800DB1BEA /* UITableView+Ext.swift in Sources */,
				5A008FBE28435C3800DB1BEA /* UICollectionView+Ext.swift in Sources */,
				5AB2BDF02842445B003FF4E9 /* TestView.swift in Sources */,
				5A008FC628435D2B00DB1BEA /* ViewController.swift in Sources */,
				5A008FBD28435C3800DB1BEA /* LivePreview.swift in Sources */,
				5A008FC228435C3800DB1BEA /* UIButton+Ext.swift in Sources */,
				5AFA71EB27539C47008DF019 /* SmartListPrototype.swift in Sources */,
				5A008FCB28435DC000DB1BEA /* ShowcaseFeature.swift in Sources */,
				5A008FC828435D6700DB1BEA /* NavigationController.swift in Sources */,
				5A008FC028435C3800DB1BEA /* UIImage+Ext.swift in Sources */,
				5A008FC328435C3800DB1BEA /* UIColor+Ext.swift in Sources */,
				5A008FBC28435C3800DB1BEA /* Configurable.swift in Sources */,
				5AB2BDF228424464003FF4E9 /* TestVC.swift in Sources */,
			);
			runOnlyForDeploymentPostprocessing = 0;
		};
/* End PBXSourcesBuildPhase section */

/* Begin PBXVariantGroup section */
		5A34335526D7A6A900241412 /* LaunchScreen.storyboard */ = {
			isa = PBXVariantGroup;
			children = (
				5A34335626D7A6A900241412 /* Base */,
			);
			name = LaunchScreen.storyboard;
			sourceTree = "<group>";
		};
/* End PBXVariantGroup section */

/* Begin XCBuildConfiguration section */
		5A34335926D7A6A900241412 /* Debug */ = {
			isa = XCBuildConfiguration;
			buildSettings = {
				ALWAYS_SEARCH_USER_PATHS = NO;
				CLANG_ANALYZER_NONNULL = YES;
				CLANG_ANALYZER_NUMBER_OBJECT_CONVERSION = YES_AGGRESSIVE;
				CLANG_CXX_LANGUAGE_STANDARD = "gnu++14";
				CLANG_CXX_LIBRARY = "libc++";
				CLANG_ENABLE_MODULES = YES;
				CLANG_ENABLE_OBJC_ARC = YES;
				CLANG_ENABLE_OBJC_WEAK = YES;
				CLANG_WARN_BLOCK_CAPTURE_AUTORELEASING = YES;
				CLANG_WARN_BOOL_CONVERSION = YES;
				CLANG_WARN_COMMA = YES;
				CLANG_WARN_CONSTANT_CONVERSION = YES;
				CLANG_WARN_DEPRECATED_OBJC_IMPLEMENTATIONS = YES;
				CLANG_WARN_DIRECT_OBJC_ISA_USAGE = YES_ERROR;
				CLANG_WARN_DOCUMENTATION_COMMENTS = YES;
				CLANG_WARN_EMPTY_BODY = YES;
				CLANG_WARN_ENUM_CONVERSION = YES;
				CLANG_WARN_INFINITE_RECURSION = YES;
				CLANG_WARN_INT_CONVERSION = YES;
				CLANG_WARN_NON_LITERAL_NULL_CONVERSION = YES;
				CLANG_WARN_OBJC_IMPLICIT_RETAIN_SELF = YES;
				CLANG_WARN_OBJC_LITERAL_CONVERSION = YES;
				CLANG_WARN_OBJC_ROOT_CLASS = YES_ERROR;
				CLANG_WARN_QUOTED_INCLUDE_IN_FRAMEWORK_HEADER = YES;
				CLANG_WARN_RANGE_LOOP_ANALYSIS = YES;
				CLANG_WARN_STRICT_PROTOTYPES = YES;
				CLANG_WARN_SUSPICIOUS_MOVE = YES;
				CLANG_WARN_UNGUARDED_AVAILABILITY = YES_AGGRESSIVE;
				CLANG_WARN_UNREACHABLE_CODE = YES;
				CLANG_WARN__DUPLICATE_METHOD_MATCH = YES;
				COPY_PHASE_STRIP = NO;
				DEBUG_INFORMATION_FORMAT = dwarf;
				ENABLE_STRICT_OBJC_MSGSEND = YES;
				ENABLE_TESTABILITY = YES;
				GCC_C_LANGUAGE_STANDARD = gnu11;
				GCC_DYNAMIC_NO_PIC = NO;
				GCC_NO_COMMON_BLOCKS = YES;
				GCC_OPTIMIZATION_LEVEL = 0;
				GCC_PREPROCESSOR_DEFINITIONS = (
					"DEBUG=1",
					"$(inherited)",
				);
				GCC_WARN_64_TO_32_BIT_CONVERSION = YES;
				GCC_WARN_ABOUT_RETURN_TYPE = YES_ERROR;
				GCC_WARN_UNDECLARED_SELECTOR = YES;
				GCC_WARN_UNINITIALIZED_AUTOS = YES_AGGRESSIVE;
				GCC_WARN_UNUSED_FUNCTION = YES;
				GCC_WARN_UNUSED_VARIABLE = YES;
				IPHONEOS_DEPLOYMENT_TARGET = 15.0;
				MTL_ENABLE_DEBUG_INFO = INCLUDE_SOURCE;
				MTL_FAST_MATH = YES;
				ONLY_ACTIVE_ARCH = YES;
				SDKROOT = iphoneos;
				SWIFT_ACTIVE_COMPILATION_CONDITIONS = DEBUG;
				SWIFT_OPTIMIZATION_LEVEL = "-Onone";
			};
			name = Debug;
		};
		5A34335A26D7A6A900241412 /* Release */ = {
			isa = XCBuildConfiguration;
			buildSettings = {
				ALWAYS_SEARCH_USER_PATHS = NO;
				CLANG_ANALYZER_NONNULL = YES;
				CLANG_ANALYZER_NUMBER_OBJECT_CONVERSION = YES_AGGRESSIVE;
				CLANG_CXX_LANGUAGE_STANDARD = "gnu++14";
				CLANG_CXX_LIBRARY = "libc++";
				CLANG_ENABLE_MODULES = YES;
				CLANG_ENABLE_OBJC_ARC = YES;
				CLANG_ENABLE_OBJC_WEAK = YES;
				CLANG_WARN_BLOCK_CAPTURE_AUTORELEASING = YES;
				CLANG_WARN_BOOL_CONVERSION = YES;
				CLANG_WARN_COMMA = YES;
				CLANG_WARN_CONSTANT_CONVERSION = YES;
				CLANG_WARN_DEPRECATED_OBJC_IMPLEMENTATIONS = YES;
				CLANG_WARN_DIRECT_OBJC_ISA_USAGE = YES_ERROR;
				CLANG_WARN_DOCUMENTATION_COMMENTS = YES;
				CLANG_WARN_EMPTY_BODY = YES;
				CLANG_WARN_ENUM_CONVERSION = YES;
				CLANG_WARN_INFINITE_RECURSION = YES;
				CLANG_WARN_INT_CONVERSION = YES;
				CLANG_WARN_NON_LITERAL_NULL_CONVERSION = YES;
				CLANG_WARN_OBJC_IMPLICIT_RETAIN_SELF = YES;
				CLANG_WARN_OBJC_LITERAL_CONVERSION = YES;
				CLANG_WARN_OBJC_ROOT_CLASS = YES_ERROR;
				CLANG_WARN_QUOTED_INCLUDE_IN_FRAMEWORK_HEADER = YES;
				CLANG_WARN_RANGE_LOOP_ANALYSIS = YES;
				CLANG_WARN_STRICT_PROTOTYPES = YES;
				CLANG_WARN_SUSPICIOUS_MOVE = YES;
				CLANG_WARN_UNGUARDED_AVAILABILITY = YES_AGGRESSIVE;
				CLANG_WARN_UNREACHABLE_CODE = YES;
				CLANG_WARN__DUPLICATE_METHOD_MATCH = YES;
				COPY_PHASE_STRIP = NO;
				DEBUG_INFORMATION_FORMAT = "dwarf-with-dsym";
				ENABLE_NS_ASSERTIONS = NO;
				ENABLE_STRICT_OBJC_MSGSEND = YES;
				GCC_C_LANGUAGE_STANDARD = gnu11;
				GCC_NO_COMMON_BLOCKS = YES;
				GCC_WARN_64_TO_32_BIT_CONVERSION = YES;
				GCC_WARN_ABOUT_RETURN_TYPE = YES_ERROR;
				GCC_WARN_UNDECLARED_SELECTOR = YES;
				GCC_WARN_UNINITIALIZED_AUTOS = YES_AGGRESSIVE;
				GCC_WARN_UNUSED_FUNCTION = YES;
				GCC_WARN_UNUSED_VARIABLE = YES;
				IPHONEOS_DEPLOYMENT_TARGET = 15.0;
				MTL_ENABLE_DEBUG_INFO = NO;
				MTL_FAST_MATH = YES;
				SDKROOT = iphoneos;
				SWIFT_COMPILATION_MODE = wholemodule;
				SWIFT_OPTIMIZATION_LEVEL = "-O";
				VALIDATE_PRODUCT = YES;
			};
			name = Release;
		};
		5A34335C26D7A6A900241412 /* Debug */ = {
			isa = XCBuildConfiguration;
			buildSettings = {
				ASSETCATALOG_COMPILER_APPICON_NAME = AppIcon;
				ASSETCATALOG_COMPILER_GLOBAL_ACCENT_COLOR_NAME = AccentColor;
				CODE_SIGN_STYLE = Automatic;
				DEVELOPMENT_ASSET_PATHS = "\"ios-exoeriments/Preview Content\"";
				DEVELOPMENT_TEAM = P4DQK6SRKR;
				ENABLE_PREVIEWS = YES;
				INFOPLIST_FILE = "ios-exoeriments/Supporting Files/Info.plist";
				LD_RUNPATH_SEARCH_PATHS = (
					"$(inherited)",
					"@executable_path/Frameworks",
				);
				PRODUCT_BUNDLE_IDENTIFIER = "com.marcusziade.ios-exoeriments";
				PRODUCT_NAME = "$(TARGET_NAME)";
				SWIFT_VERSION = 5.0;
				TARGETED_DEVICE_FAMILY = "1,2";
			};
			name = Debug;
		};
		5A34335D26D7A6A900241412 /* Release */ = {
			isa = XCBuildConfiguration;
			buildSettings = {
				ASSETCATALOG_COMPILER_APPICON_NAME = AppIcon;
				ASSETCATALOG_COMPILER_GLOBAL_ACCENT_COLOR_NAME = AccentColor;
				CODE_SIGN_STYLE = Automatic;
				DEVELOPMENT_ASSET_PATHS = "\"ios-exoeriments/Preview Content\"";
				DEVELOPMENT_TEAM = P4DQK6SRKR;
				ENABLE_PREVIEWS = YES;
				INFOPLIST_FILE = "ios-exoeriments/Supporting Files/Info.plist";
				LD_RUNPATH_SEARCH_PATHS = (
					"$(inherited)",
					"@executable_path/Frameworks",
				);
				PRODUCT_BUNDLE_IDENTIFIER = "com.marcusziade.ios-exoeriments";
				PRODUCT_NAME = "$(TARGET_NAME)";
				SWIFT_VERSION = 5.0;
				TARGETED_DEVICE_FAMILY = "1,2";
			};
			name = Release;
		};
/* End XCBuildConfiguration section */

/* Begin XCConfigurationList section */
		5A34334226D7A6A800241412 /* Build configuration list for PBXProject "ios-exoeriments" */ = {
			isa = XCConfigurationList;
			buildConfigurations = (
				5A34335926D7A6A900241412 /* Debug */,
				5A34335A26D7A6A900241412 /* Release */,
			);
			defaultConfigurationIsVisible = 0;
			defaultConfigurationName = Release;
		};
		5A34335B26D7A6A900241412 /* Build configuration list for PBXNativeTarget "ios-exoeriments" */ = {
			isa = XCConfigurationList;
			buildConfigurations = (
				5A34335C26D7A6A900241412 /* Debug */,
				5A34335D26D7A6A900241412 /* Release */,
			);
			defaultConfigurationIsVisible = 0;
			defaultConfigurationName = Release;
		};
/* End XCConfigurationList section */
	};
	rootObject = 5A34333F26D7A6A800241412 /* Project object */;
}
